
Microsoft Visual Studio Solution File, Format Version 12.00
# Visual Studio Version 17
VisualStudioVersion = 17.14.36915.13 d17.14
MinimumVisualStudioVersion = 10.0.40219.1
Project("{8BC9CEB8-8B4A-11D0-8D11-00A0C91BC942}") = "Linear_DataStructure", "Linear_DataStructure\Linear_DataStructure.vcxproj", "{5486F105-C33D-4724-B323-E84B911160CF}"
EndProject
Global
	GlobalSection(SolutionConfigurationPlatforms) = preSolution
		Debug|x64 = Debug|x64
		Release|x64 = Release|x64
	EndGlobalSection
	GlobalSection(ProjectConfigurationPlatforms) = postSolution
		{5486F105-C33D-4724-B323-E84B911160CF}.Debug|x64.ActiveCfg = Debug|x64
		{5486F105-C33D-4724-B323-E84B911160CF}.Debug|x64.Build.0 = Debug|x64
		{5486F105-C33D-4724-B323-E84B911160CF}.Release|x64.ActiveCfg = Release|x64
		{5486F105-C33D-4724-B323-E84B911160CF}.Release|x64.Build.0 = Release|x64
	EndGlobalSection
	GlobalSection(SolutionProperties) = preSolution
		HideSolutionNode = FALSE
	EndGlobalSection
	GlobalSection(ExtensibilityGlobals) = postSolution
		SolutionGuid = {B47B764C-A800-405A-8996-D5C0F6766EC2}
	EndGlobalSection
EndGlobal
